
Microsoft Visual Studio Solution File, Format Version 12.00
# Visual Studio Version 16
VisualStudioVersion = 16.0.31321.278
MinimumVisualStudioVersion = 10.0.40219.1
Project("{FAE04EC0-301F-11D3-BF4B-00C04F79EFBC}") = "TestApp", "TestApp\TestApp.csproj", "{51EB5238-B46E-4D75-8736-DB93D3A89A23}"
EndProject
Global
	GlobalSection(SolutionConfigurationPlatforms) = preSolution
		Debug|Any CPU = Debug|Any CPU
		Release|Any CPU = Release|Any CPU
	EndGlobalSection
	GlobalSection(ProjectConfigurationPlatforms) = postSolution
		{51EB5238-B46E-4D75-8736-DB93D3A89A23}.Debug|Any CPU.ActiveCfg = Debug|Any CPU
		{51EB5238-B46E-4D75-8736-DB93D3A89A23}.Debug|Any CPU.Build.0 = Debug|Any CPU
		{51EB5238-B46E-4D75-8736-DB93D3A89A23}.Release|Any CPU.ActiveCfg = Release|Any CPU
		{51EB5238-B46E-4D75-8736-DB93D3A89A23}.Release|Any CPU.Build.0 = Release|Any CPU
	EndGlobalSection
	GlobalSection(SolutionProperties) = preSolution
		HideSolutionNode = FALSE
	EndGlobalSection
	GlobalSection(ExtensibilityGlobals) = postSolution
		SolutionGuid = {A7195269-86A2-4D7A-A299-44AF05700203}
	EndGlobalSection
EndGlobal
